
Microsoft Visual Studio Solution File, Format Version 12.00
# Visual Studio 15
VisualStudioVersion = 15.0.28010.2016
MinimumVisualStudioVersion = 10.0.40219.1
Project("{FAE04EC0-301F-11D3-BF4B-00C04F79EFBC}") = "RazorPagesIntro", "RazorPagesIntro\RazorPagesIntro.csproj", "{821BBD39-CC17-413B-B349-0D34FDF5B788}"
EndProject
Global
	GlobalSection(SolutionConfigurationPlatforms) = preSolution
		Debug|Any CPU = Debug|Any CPU
		Release|Any CPU = Release|Any CPU
	EndGlobalSection
	GlobalSection(ProjectConfigurationPlatforms) = postSolution
		{821BBD39-CC17-413B-B349-0D34FDF5B788}.Debug|Any CPU.ActiveCfg = Debug|Any CPU
		{821BBD39-CC17-413B-B349-0D34FDF5B788}.Debug|Any CPU.Build.0 = Debug|Any CPU
		{821BBD39-CC17-413B-B349-0D34FDF5B788}.Release|Any CPU.ActiveCfg = Release|Any CPU
		{821BBD39-CC17-413B-B349-0D34FDF5B788}.Release|Any CPU.Build.0 = Release|Any CPU
	EndGlobalSection
	GlobalSection(SolutionProperties) = preSolution
		HideSolutionNode = FALSE
	EndGlobalSection
	GlobalSection(ExtensibilityGlobals) = postSolution
		SolutionGuid = {45B12E8B-0CCC-4681-BB68-E299F09E9927}
	EndGlobalSection
EndGlobal
